// !$*UTF8*$!
{
	archiveVersion = 1;
	classes = {
	};
	objectVersion = 50;
	objects = {

/* Begin PBXBuildFile section */
		22613CFB2453ED360081B961 /* AppDelegate.swift in Sources */ = {isa = PBXBuildFile; fileRef = 22613CFA2453ED360081B961 /* AppDelegate.swift */; };
		22613CFD2453ED360081B961 /* SceneDelegate.swift in Sources */ = {isa = PBXBuildFile; fileRef = 22613CFC2453ED360081B961 /* SceneDelegate.swift */; };
		22613D022453ED360081B961 /* Main.storyboard in Resources */ = {isa = PBXBuildFile; fileRef = 22613D002453ED360081B961 /* Main.storyboard */; };
		22613D042453ED390081B961 /* Assets.xcassets in Resources */ = {isa = PBXBuildFile; fileRef = 22613D032453ED390081B961 /* Assets.xcassets */; };
		22613D072453ED390081B961 /* LaunchScreen.storyboard in Resources */ = {isa = PBXBuildFile; fileRef = 22613D052453ED390081B961 /* LaunchScreen.storyboard */; };
		22613D122453ED390081B961 /* artemisTests.swift in Sources */ = {isa = PBXBuildFile; fileRef = 22613D112453ED390081B961 /* artemisTests.swift */; };
		22613D1D2453ED390081B961 /* artemisUITests.swift in Sources */ = {isa = PBXBuildFile; fileRef = 22613D1C2453ED390081B961 /* artemisUITests.swift */; };
		22613D2B2453F5710081B961 /* MapBaseViewController.swift in Sources */ = {isa = PBXBuildFile; fileRef = 22613D2A2453F5710081B961 /* MapBaseViewController.swift */; };
		22613D2D2454A43D0081B961 /* SchedulingViewController.swift in Sources */ = {isa = PBXBuildFile; fileRef = 22613D2C2454A43D0081B961 /* SchedulingViewController.swift */; };
		22613D342454C0530081B961 /* DateCell.swift in Sources */ = {isa = PBXBuildFile; fileRef = 22613D332454C0530081B961 /* DateCell.swift */; };
		22613D352454C8150081B961 /* JTAppleCalendar.framework in Frameworks */ = {isa = PBXBuildFile; fileRef = 22613D2F2454A8F80081B961 /* JTAppleCalendar.framework */; };
		22613D362454C8150081B961 /* JTAppleCalendar.framework in Embed Frameworks */ = {isa = PBXBuildFile; fileRef = 22613D2F2454A8F80081B961 /* JTAppleCalendar.framework */; settings = {ATTRIBUTES = (CodeSignOnCopy, RemoveHeadersOnCopy, ); }; };
		22613D392454E9260081B961 /* AppointmentListViewController.swift in Sources */ = {isa = PBXBuildFile; fileRef = 22613D382454E9260081B961 /* AppointmentListViewController.swift */; };
		22613D3B2454EA050081B961 /* AppointmentTableViewCell.swift in Sources */ = {isa = PBXBuildFile; fileRef = 22613D3A2454EA050081B961 /* AppointmentTableViewCell.swift */; };
		22613D3D2454EE190081B961 /* TicketViewController.swift in Sources */ = {isa = PBXBuildFile; fileRef = 22613D3C2454EE190081B961 /* TicketViewController.swift */; };
		EC2344DE2454F2CD00BAC455 /* TimeViewController.swift in Sources */ = {isa = PBXBuildFile; fileRef = EC2344DD2454F2CD00BAC455 /* TimeViewController.swift */; };
/* End PBXBuildFile section */

/* Begin PBXContainerItemProxy section */
		22613D0E2453ED390081B961 /* PBXContainerItemProxy */ = {
			isa = PBXContainerItemProxy;
			containerPortal = 22613CEF2453ED360081B961 /* Project object */;
			proxyType = 1;
			remoteGlobalIDString = 22613CF62453ED360081B961;
			remoteInfo = artemis;
		};
		22613D192453ED390081B961 /* PBXContainerItemProxy */ = {
			isa = PBXContainerItemProxy;
			containerPortal = 22613CEF2453ED360081B961 /* Project object */;
			proxyType = 1;
			remoteGlobalIDString = 22613CF62453ED360081B961;
			remoteInfo = artemis;
		};
/* End PBXContainerItemProxy section */

/* Begin PBXCopyFilesBuildPhase section */
		22613D372454C8150081B961 /* Embed Frameworks */ = {
			isa = PBXCopyFilesBuildPhase;
			buildActionMask = 2147483647;
			dstPath = "";
			dstSubfolderSpec = 10;
			files = (
				22613D362454C8150081B961 /* JTAppleCalendar.framework in Embed Frameworks */,
			);
			name = "Embed Frameworks";
			runOnlyForDeploymentPostprocessing = 0;
		};
/* End PBXCopyFilesBuildPhase section */

/* Begin PBXFileReference section */
		22613CF72453ED360081B961 /* artemis.app */ = {isa = PBXFileReference; explicitFileType = wrapper.application; includeInIndex = 0; path = artemis.app; sourceTree = BUILT_PRODUCTS_DIR; };
		22613CFA2453ED360081B961 /* AppDelegate.swift */ = {isa = PBXFileReference; lastKnownFileType = sourcecode.swift; path = AppDelegate.swift; sourceTree = "<group>"; };
		22613CFC2453ED360081B961 /* SceneDelegate.swift */ = {isa = PBXFileReference; lastKnownFileType = sourcecode.swift; path = SceneDelegate.swift; sourceTree = "<group>"; };
		22613D012453ED360081B961 /* Base */ = {isa = PBXFileReference; lastKnownFileType = file.storyboard; name = Base; path = Base.lproj/Main.storyboard; sourceTree = "<group>"; };
		22613D032453ED390081B961 /* Assets.xcassets */ = {isa = PBXFileReference; lastKnownFileType = folder.assetcatalog; path = Assets.xcassets; sourceTree = "<group>"; };
		22613D062453ED390081B961 /* Base */ = {isa = PBXFileReference; lastKnownFileType = file.storyboard; name = Base; path = Base.lproj/LaunchScreen.storyboard; sourceTree = "<group>"; };
		22613D082453ED390081B961 /* Info.plist */ = {isa = PBXFileReference; lastKnownFileType = text.plist.xml; path = Info.plist; sourceTree = "<group>"; };
		22613D0D2453ED390081B961 /* artemisTests.xctest */ = {isa = PBXFileReference; explicitFileType = wrapper.cfbundle; includeInIndex = 0; path = artemisTests.xctest; sourceTree = BUILT_PRODUCTS_DIR; };
		22613D112453ED390081B961 /* artemisTests.swift */ = {isa = PBXFileReference; lastKnownFileType = sourcecode.swift; path = artemisTests.swift; sourceTree = "<group>"; };
		22613D132453ED390081B961 /* Info.plist */ = {isa = PBXFileReference; lastKnownFileType = text.plist.xml; path = Info.plist; sourceTree = "<group>"; };
		22613D182453ED390081B961 /* artemisUITests.xctest */ = {isa = PBXFileReference; explicitFileType = wrapper.cfbundle; includeInIndex = 0; path = artemisUITests.xctest; sourceTree = BUILT_PRODUCTS_DIR; };
		22613D1C2453ED390081B961 /* artemisUITests.swift */ = {isa = PBXFileReference; lastKnownFileType = sourcecode.swift; path = artemisUITests.swift; sourceTree = "<group>"; };
		22613D1E2453ED390081B961 /* Info.plist */ = {isa = PBXFileReference; lastKnownFileType = text.plist.xml; path = Info.plist; sourceTree = "<group>"; };
		22613D2A2453F5710081B961 /* MapBaseViewController.swift */ = {isa = PBXFileReference; lastKnownFileType = sourcecode.swift; path = MapBaseViewController.swift; sourceTree = "<group>"; };
		22613D2C2454A43D0081B961 /* SchedulingViewController.swift */ = {isa = PBXFileReference; lastKnownFileType = sourcecode.swift; path = SchedulingViewController.swift; sourceTree = "<group>"; };
		22613D2F2454A8F80081B961 /* JTAppleCalendar.framework */ = {isa = PBXFileReference; lastKnownFileType = wrapper.framework; name = JTAppleCalendar.framework; path = Carthage/Build/iOS/JTAppleCalendar.framework; sourceTree = "<group>"; };
		22613D332454C0530081B961 /* DateCell.swift */ = {isa = PBXFileReference; lastKnownFileType = sourcecode.swift; path = DateCell.swift; sourceTree = "<group>"; };
		22613D382454E9260081B961 /* AppointmentListViewController.swift */ = {isa = PBXFileReference; lastKnownFileType = sourcecode.swift; path = AppointmentListViewController.swift; sourceTree = "<group>"; };
		22613D3A2454EA050081B961 /* AppointmentTableViewCell.swift */ = {isa = PBXFileReference; lastKnownFileType = sourcecode.swift; path = AppointmentTableViewCell.swift; sourceTree = "<group>"; };
		22613D3C2454EE190081B961 /* TicketViewController.swift */ = {isa = PBXFileReference; lastKnownFileType = sourcecode.swift; path = TicketViewController.swift; sourceTree = "<group>"; };
		EC2344DD2454F2CD00BAC455 /* TimeViewController.swift */ = {isa = PBXFileReference; fileEncoding = 4; lastKnownFileType = sourcecode.swift; path = TimeViewController.swift; sourceTree = "<group>"; };
/* End PBXFileReference section */

/* Begin PBXFrameworksBuildPhase section */
		22613CF42453ED360081B961 /* Frameworks */ = {
			isa = PBXFrameworksBuildPhase;
			buildActionMask = 2147483647;
			files = (
				22613D352454C8150081B961 /* JTAppleCalendar.framework in Frameworks */,
			);
			runOnlyForDeploymentPostprocessing = 0;
		};
		22613D0A2453ED390081B961 /* Frameworks */ = {
			isa = PBXFrameworksBuildPhase;
			buildActionMask = 2147483647;
			files = (
			);
			runOnlyForDeploymentPostprocessing = 0;
		};
		22613D152453ED390081B961 /* Frameworks */ = {
			isa = PBXFrameworksBuildPhase;
			buildActionMask = 2147483647;
			files = (
			);
			runOnlyForDeploymentPostprocessing = 0;
		};
/* End PBXFrameworksBuildPhase section */

/* Begin PBXGroup section */
		22613CEE2453ED360081B961 = {
			isa = PBXGroup;
			children = (
				22613CF92453ED360081B961 /* artemis */,
				22613D102453ED390081B961 /* artemisTests */,
				22613D1B2453ED390081B961 /* artemisUITests */,
				22613CF82453ED360081B961 /* Products */,
				22613D2E2454A8F80081B961 /* Frameworks */,
			);
			sourceTree = "<group>";
		};
		22613CF82453ED360081B961 /* Products */ = {
			isa = PBXGroup;
			children = (
				22613CF72453ED360081B961 /* artemis.app */,
				22613D0D2453ED390081B961 /* artemisTests.xctest */,
				22613D182453ED390081B961 /* artemisUITests.xctest */,
			);
			name = Products;
			sourceTree = "<group>";
		};
		22613CF92453ED360081B961 /* artemis */ = {
			isa = PBXGroup;
			children = (
				22613CFA2453ED360081B961 /* AppDelegate.swift */,
				22613CFC2453ED360081B961 /* SceneDelegate.swift */,
				22613D2A2453F5710081B961 /* MapBaseViewController.swift */,
				22613D002453ED360081B961 /* Main.storyboard */,
				22613D3C2454EE190081B961 /* TicketViewController.swift */,
				22613D3A2454EA050081B961 /* AppointmentTableViewCell.swift */,
				EC2344DD2454F2CD00BAC455 /* TimeViewController.swift */,
				22613D382454E9260081B961 /* AppointmentListViewController.swift */,
				22613D332454C0530081B961 /* DateCell.swift */,
				22613D2C2454A43D0081B961 /* SchedulingViewController.swift */,
				22613D032453ED390081B961 /* Assets.xcassets */,
				22613D052453ED390081B961 /* LaunchScreen.storyboard */,
				22613D082453ED390081B961 /* Info.plist */,
			);
			path = artemis;
			sourceTree = "<group>";
		};
		22613D102453ED390081B961 /* artemisTests */ = {
			isa = PBXGroup;
			children = (
				22613D112453ED390081B961 /* artemisTests.swift */,
				22613D132453ED390081B961 /* Info.plist */,
			);
			path = artemisTests;
			sourceTree = "<group>";
		};
		22613D1B2453ED390081B961 /* artemisUITests */ = {
			isa = PBXGroup;
			children = (
				22613D1C2453ED390081B961 /* artemisUITests.swift */,
				22613D1E2453ED390081B961 /* Info.plist */,
			);
			path = artemisUITests;
			sourceTree = "<group>";
		};
		22613D2E2454A8F80081B961 /* Frameworks */ = {
			isa = PBXGroup;
			children = (
				22613D2F2454A8F80081B961 /* JTAppleCalendar.framework */,
			);
			name = Frameworks;
			sourceTree = "<group>";
		};
/* End PBXGroup section */

/* Begin PBXNativeTarget section */
		22613CF62453ED360081B961 /* artemis */ = {
			isa = PBXNativeTarget;
			buildConfigurationList = 22613D212453ED390081B961 /* Build configuration list for PBXNativeTarget "artemis" */;
			buildPhases = (
				22613CF32453ED360081B961 /* Sources */,
				22613CF42453ED360081B961 /* Frameworks */,
				22613CF52453ED360081B961 /* Resources */,
				22613D372454C8150081B961 /* Embed Frameworks */,
			);
			buildRules = (
			);
			dependencies = (
			);
			name = artemis;
			productName = artemis;
			productReference = 22613CF72453ED360081B961 /* artemis.app */;
			productType = "com.apple.product-type.application";
		};
		22613D0C2453ED390081B961 /* artemisTests */ = {
			isa = PBXNativeTarget;
			buildConfigurationList = 22613D242453ED390081B961 /* Build configuration list for PBXNativeTarget "artemisTests" */;
			buildPhases = (
				22613D092453ED390081B961 /* Sources */,
				22613D0A2453ED390081B961 /* Frameworks */,
				22613D0B2453ED390081B961 /* Resources */,
			);
			buildRules = (
			);
			dependencies = (
				22613D0F2453ED390081B961 /* PBXTargetDependency */,
			);
			name = artemisTests;
			productName = artemisTests;
			productReference = 22613D0D2453ED390081B961 /* artemisTests.xctest */;
			productType = "com.apple.product-type.bundle.unit-test";
		};
		22613D172453ED390081B961 /* artemisUITests */ = {
			isa = PBXNativeTarget;
			buildConfigurationList = 22613D272453ED390081B961 /* Build configuration list for PBXNativeTarget "artemisUITests" */;
			buildPhases = (
				22613D142453ED390081B961 /* Sources */,
				22613D152453ED390081B961 /* Frameworks */,
				22613D162453ED390081B961 /* Resources */,
			);
			buildRules = (
			);
			dependencies = (
				22613D1A2453ED390081B961 /* PBXTargetDependency */,
			);
			name = artemisUITests;
			productName = artemisUITests;
			productReference = 22613D182453ED390081B961 /* artemisUITests.xctest */;
			productType = "com.apple.product-type.bundle.ui-testing";
		};
/* End PBXNativeTarget section */

/* Begin PBXProject section */
		22613CEF2453ED360081B961 /* Project object */ = {
			isa = PBXProject;
			attributes = {
				LastSwiftUpdateCheck = 1140;
				LastUpgradeCheck = 1140;
				ORGANIZATIONNAME = "Samuel Resendez";
				TargetAttributes = {
					22613CF62453ED360081B961 = {
						CreatedOnToolsVersion = 11.4.1;
					};
					22613D0C2453ED390081B961 = {
						CreatedOnToolsVersion = 11.4.1;
						TestTargetID = 22613CF62453ED360081B961;
					};
					22613D172453ED390081B961 = {
						CreatedOnToolsVersion = 11.4.1;
						TestTargetID = 22613CF62453ED360081B961;
					};
				};
			};
			buildConfigurationList = 22613CF22453ED360081B961 /* Build configuration list for PBXProject "artemis" */;
			compatibilityVersion = "Xcode 9.3";
			developmentRegion = en;
			hasScannedForEncodings = 0;
			knownRegions = (
				en,
				Base,
			);
			mainGroup = 22613CEE2453ED360081B961;
			productRefGroup = 22613CF82453ED360081B961 /* Products */;
			projectDirPath = "";
			projectRoot = "";
			targets = (
				22613CF62453ED360081B961 /* artemis */,
				22613D0C2453ED390081B961 /* artemisTests */,
				22613D172453ED390081B961 /* artemisUITests */,
			);
		};
/* End PBXProject section */

/* Begin PBXResourcesBuildPhase section */
		22613CF52453ED360081B961 /* Resources */ = {
			isa = PBXResourcesBuildPhase;
			buildActionMask = 2147483647;
			files = (
				22613D072453ED390081B961 /* LaunchScreen.storyboard in Resources */,
				22613D042453ED390081B961 /* Assets.xcassets in Resources */,
				22613D022453ED360081B961 /* Main.storyboard in Resources */,
			);
			runOnlyForDeploymentPostprocessing = 0;
		};
		22613D0B2453ED390081B961 /* Resources */ = {
			isa = PBXResourcesBuildPhase;
			buildActionMask = 2147483647;
			files = (
			);
			runOnlyForDeploymentPostprocessing = 0;
		};
		22613D162453ED390081B961 /* Resources */ = {
			isa = PBXResourcesBuildPhase;
			buildActionMask = 2147483647;
			files = (
			);
			runOnlyForDeploymentPostprocessing = 0;
		};
/* End PBXResourcesBuildPhase section */

/* Begin PBXSourcesBuildPhase section */
		22613CF32453ED360081B961 /* Sources */ = {
			isa = PBXSourcesBuildPhase;
			buildActionMask = 2147483647;
			files = (
				EC2344DE2454F2CD00BAC455 /* TimeViewController.swift in Sources */,
				22613D342454C0530081B961 /* DateCell.swift in Sources */,
				22613CFB2453ED360081B961 /* AppDelegate.swift in Sources */,
				22613D3B2454EA050081B961 /* AppointmentTableViewCell.swift in Sources */,
				22613D392454E9260081B961 /* AppointmentListViewController.swift in Sources */,
				22613D2D2454A43D0081B961 /* SchedulingViewController.swift in Sources */,
				22613D2B2453F5710081B961 /* MapBaseViewController.swift in Sources */,
				22613CFD2453ED360081B961 /* SceneDelegate.swift in Sources */,
				22613D3D2454EE190081B961 /* TicketViewController.swift in Sources */,
			);
			runOnlyForDeploymentPostprocessing = 0;
		};
		22613D092453ED390081B961 /* Sources */ = {
			isa = PBXSourcesBuildPhase;
			buildActionMask = 2147483647;
			files = (
				22613D122453ED390081B961 /* artemisTests.swift in Sources */,
			);
			runOnlyForDeploymentPostprocessing = 0;
		};
		22613D142453ED390081B961 /* Sources */ = {
			isa = PBXSourcesBuildPhase;
			buildActionMask = 2147483647;
			files = (
				22613D1D2453ED390081B961 /* artemisUITests.swift in Sources */,
			);
			runOnlyForDeploymentPostprocessing = 0;
		};
/* End PBXSourcesBuildPhase section */

/* Begin PBXTargetDependency section */
		22613D0F2453ED390081B961 /* PBXTargetDependency */ = {
			isa = PBXTargetDependency;
			target = 22613CF62453ED360081B961 /* artemis */;
			targetProxy = 22613D0E2453ED390081B961 /* PBXContainerItemProxy */;
		};
		22613D1A2453ED390081B961 /* PBXTargetDependency */ = {
			isa = PBXTargetDependency;
			target = 22613CF62453ED360081B961 /* artemis */;
			targetProxy = 22613D192453ED390081B961 /* PBXContainerItemProxy */;
		};
/* End PBXTargetDependency section */

/* Begin PBXVariantGroup section */
		22613D002453ED360081B961 /* Main.storyboard */ = {
			isa = PBXVariantGroup;
			children = (
				22613D012453ED360081B961 /* Base */,
			);
			name = Main.storyboard;
			sourceTree = "<group>";
		};
		22613D052453ED390081B961 /* LaunchScreen.storyboard */ = {
			isa = PBXVariantGroup;
			children = (
				22613D062453ED390081B961 /* Base */,
			);
			name = LaunchScreen.storyboard;
			sourceTree = "<group>";
		};
/* End PBXVariantGroup section */

/* Begin XCBuildConfiguration section */
		22613D1F2453ED390081B961 /* Debug */ = {
			isa = XCBuildConfiguration;
			buildSettings = {
				ALWAYS_SEARCH_USER_PATHS = NO;
				CLANG_ANALYZER_NONNULL = YES;
				CLANG_ANALYZER_NUMBER_OBJECT_CONVERSION = YES_AGGRESSIVE;
				CLANG_CXX_LANGUAGE_STANDARD = "gnu++14";
				CLANG_CXX_LIBRARY = "libc++";
				CLANG_ENABLE_MODULES = YES;
				CLANG_ENABLE_OBJC_ARC = YES;
				CLANG_ENABLE_OBJC_WEAK = YES;
				CLANG_WARN_BLOCK_CAPTURE_AUTORELEASING = YES;
				CLANG_WARN_BOOL_CONVERSION = YES;
				CLANG_WARN_COMMA = YES;
				CLANG_WARN_CONSTANT_CONVERSION = YES;
				CLANG_WARN_DEPRECATED_OBJC_IMPLEMENTATIONS = YES;
				CLANG_WARN_DIRECT_OBJC_ISA_USAGE = YES_ERROR;
				CLANG_WARN_DOCUMENTATION_COMMENTS = YES;
				CLANG_WARN_EMPTY_BODY = YES;
				CLANG_WARN_ENUM_CONVERSION = YES;
				CLANG_WARN_INFINITE_RECURSION = YES;
				CLANG_WARN_INT_CONVERSION = YES;
				CLANG_WARN_NON_LITERAL_NULL_CONVERSION = YES;
				CLANG_WARN_OBJC_IMPLICIT_RETAIN_SELF = YES;
				CLANG_WARN_OBJC_LITERAL_CONVERSION = YES;
				CLANG_WARN_OBJC_ROOT_CLASS = YES_ERROR;
				CLANG_WARN_RANGE_LOOP_ANALYSIS = YES;
				CLANG_WARN_STRICT_PROTOTYPES = YES;
				CLANG_WARN_SUSPICIOUS_MOVE = YES;
				CLANG_WARN_UNGUARDED_AVAILABILITY = YES_AGGRESSIVE;
				CLANG_WARN_UNREACHABLE_CODE = YES;
				CLANG_WARN__DUPLICATE_METHOD_MATCH = YES;
				COPY_PHASE_STRIP = NO;
				DEBUG_INFORMATION_FORMAT = dwarf;
				ENABLE_STRICT_OBJC_MSGSEND = YES;
				ENABLE_TESTABILITY = YES;
				GCC_C_LANGUAGE_STANDARD = gnu11;
				GCC_DYNAMIC_NO_PIC = NO;
				GCC_NO_COMMON_BLOCKS = YES;
				GCC_OPTIMIZATION_LEVEL = 0;
				GCC_PREPROCESSOR_DEFINITIONS = (
					"DEBUG=1",
					"$(inherited)",
				);
				GCC_WARN_64_TO_32_BIT_CONVERSION = YES;
				GCC_WARN_ABOUT_RETURN_TYPE = YES_ERROR;
				GCC_WARN_UNDECLARED_SELECTOR = YES;
				GCC_WARN_UNINITIALIZED_AUTOS = YES_AGGRESSIVE;
				GCC_WARN_UNUSED_FUNCTION = YES;
				GCC_WARN_UNUSED_VARIABLE = YES;
				IPHONEOS_DEPLOYMENT_TARGET = 13.4;
				MTL_ENABLE_DEBUG_INFO = INCLUDE_SOURCE;
				MTL_FAST_MATH = YES;
				ONLY_ACTIVE_ARCH = YES;
				SDKROOT = iphoneos;
				SWIFT_ACTIVE_COMPILATION_CONDITIONS = DEBUG;
				SWIFT_OPTIMIZATION_LEVEL = "-Onone";
			};
			name = Debug;
		};
		22613D202453ED390081B961 /* Release */ = {
			isa = XCBuildConfiguration;
			buildSettings = {
				ALWAYS_SEARCH_USER_PATHS = NO;
				CLANG_ANALYZER_NONNULL = YES;
				CLANG_ANALYZER_NUMBER_OBJECT_CONVERSION = YES_AGGRESSIVE;
				CLANG_CXX_LANGUAGE_STANDARD = "gnu++14";
				CLANG_CXX_LIBRARY = "libc++";
				CLANG_ENABLE_MODULES = YES;
				CLANG_ENABLE_OBJC_ARC = YES;
				CLANG_ENABLE_OBJC_WEAK = YES;
				CLANG_WARN_BLOCK_CAPTURE_AUTORELEASING = YES;
				CLANG_WARN_BOOL_CONVERSION = YES;
				CLANG_WARN_COMMA = YES;
				CLANG_WARN_CONSTANT_CONVERSION = YES;
				CLANG_WARN_DEPRECATED_OBJC_IMPLEMENTATIONS = YES;
				CLANG_WARN_DIRECT_OBJC_ISA_USAGE = YES_ERROR;
				CLANG_WARN_DOCUMENTATION_COMMENTS = YES;
				CLANG_WARN_EMPTY_BODY = YES;
				CLANG_WARN_ENUM_CONVERSION = YES;
				CLANG_WARN_INFINITE_RECURSION = YES;
				CLANG_WARN_INT_CONVERSION = YES;
				CLANG_WARN_NON_LITERAL_NULL_CONVERSION = YES;
				CLANG_WARN_OBJC_IMPLICIT_RETAIN_SELF = YES;
				CLANG_WARN_OBJC_LITERAL_CONVERSION = YES;
				CLANG_WARN_OBJC_ROOT_CLASS = YES_ERROR;
				CLANG_WARN_RANGE_LOOP_ANALYSIS = YES;
				CLANG_WARN_STRICT_PROTOTYPES = YES;
				CLANG_WARN_SUSPICIOUS_MOVE = YES;
				CLANG_WARN_UNGUARDED_AVAILABILITY = YES_AGGRESSIVE;
				CLANG_WARN_UNREACHABLE_CODE = YES;
				CLANG_WARN__DUPLICATE_METHOD_MATCH = YES;
				COPY_PHASE_STRIP = NO;
				DEBUG_INFORMATION_FORMAT = "dwarf-with-dsym";
				ENABLE_NS_ASSERTIONS = NO;
				ENABLE_STRICT_OBJC_MSGSEND = YES;
				GCC_C_LANGUAGE_STANDARD = gnu11;
				GCC_NO_COMMON_BLOCKS = YES;
				GCC_WARN_64_TO_32_BIT_CONVERSION = YES;
				GCC_WARN_ABOUT_RETURN_TYPE = YES_ERROR;
				GCC_WARN_UNDECLARED_SELECTOR = YES;
				GCC_WARN_UNINITIALIZED_AUTOS = YES_AGGRESSIVE;
				GCC_WARN_UNUSED_FUNCTION = YES;
				GCC_WARN_UNUSED_VARIABLE = YES;
				IPHONEOS_DEPLOYMENT_TARGET = 13.4;
				MTL_ENABLE_DEBUG_INFO = NO;
				MTL_FAST_MATH = YES;
				SDKROOT = iphoneos;
				SWIFT_COMPILATION_MODE = wholemodule;
				SWIFT_OPTIMIZATION_LEVEL = "-O";
				VALIDATE_PRODUCT = YES;
			};
			name = Release;
		};
		22613D222453ED390081B961 /* Debug */ = {
			isa = XCBuildConfiguration;
			buildSettings = {
				ASSETCATALOG_COMPILER_APPICON_NAME = AppIcon;
				CODE_SIGN_STYLE = Automatic;
				DEVELOPMENT_TEAM = T66NN72CYU;
				FRAMEWORK_SEARCH_PATHS = (
					"$(inherited)",
					"$(PROJECT_DIR)/Carthage/Build/iOS",
				);
				INFOPLIST_FILE = artemis/Info.plist;
				IPHONEOS_DEPLOYMENT_TARGET = 13.3;
				LD_RUNPATH_SEARCH_PATHS = (
					"$(inherited)",
					"@executable_path/Frameworks",
				);
				PRODUCT_BUNDLE_IDENTIFIER = com.sophiazheng.artemis;
				PRODUCT_NAME = "$(TARGET_NAME)";
				SWIFT_VERSION = 5.0;
				TARGETED_DEVICE_FAMILY = 1;
			};
			name = Debug;
		};
		22613D232453ED390081B961 /* Release */ = {
			isa = XCBuildConfiguration;
			buildSettings = {
				ASSETCATALOG_COMPILER_APPICON_NAME = AppIcon;
				CODE_SIGN_STYLE = Automatic;
				DEVELOPMENT_TEAM = T66NN72CYU;
				FRAMEWORK_SEARCH_PATHS = (
					"$(inherited)",
					"$(PROJECT_DIR)/Carthage/Build/iOS",
				);
				INFOPLIST_FILE = artemis/Info.plist;
				IPHONEOS_DEPLOYMENT_TARGET = 13.3;
				LD_RUNPATH_SEARCH_PATHS = (
					"$(inherited)",
					"@executable_path/Frameworks",
				);
				PRODUCT_BUNDLE_IDENTIFIER = com.sophiazheng.artemis;
				PRODUCT_NAME = "$(TARGET_NAME)";
				SWIFT_VERSION = 5.0;
				TARGETED_DEVICE_FAMILY = 1;
			};
			name = Release;
		};
		22613D252453ED390081B961 /* Debug */ = {
			isa = XCBuildConfiguration;
			buildSettings = {
				ALWAYS_EMBED_SWIFT_STANDARD_LIBRARIES = YES;
				BUNDLE_LOADER = "$(TEST_HOST)";
				CODE_SIGN_STYLE = Automatic;
				DEVELOPMENT_TEAM = NW4UWFTE46;
				INFOPLIST_FILE = artemisTests/Info.plist;
				IPHONEOS_DEPLOYMENT_TARGET = 13.4;
				LD_RUNPATH_SEARCH_PATHS = (
					"$(inherited)",
					"@executable_path/Frameworks",
					"@loader_path/Frameworks",
				);
				PRODUCT_BUNDLE_IDENTIFIER = com.samresendez.artemisTests;
				PRODUCT_NAME = "$(TARGET_NAME)";
				SWIFT_VERSION = 5.0;
				TARGETED_DEVICE_FAMILY = "1,2";
				TEST_HOST = "$(BUILT_PRODUCTS_DIR)/artemis.app/artemis";
			};
			name = Debug;
		};
		22613D262453ED390081B961 /* Release */ = {
			isa = XCBuildConfiguration;
			buildSettings = {
				ALWAYS_EMBED_SWIFT_STANDARD_LIBRARIES = YES;
				BUNDLE_LOADER = "$(TEST_HOST)";
				CODE_SIGN_STYLE = Automatic;
				DEVELOPMENT_TEAM = NW4UWFTE46;
				INFOPLIST_FILE = artemisTests/Info.plist;
				IPHONEOS_DEPLOYMENT_TARGET = 13.4;
				LD_RUNPATH_SEARCH_PATHS = (
					"$(inherited)",
					"@executable_path/Frameworks",
					"@loader_path/Frameworks",
				);
				PRODUCT_BUNDLE_IDENTIFIER = com.samresendez.artemisTests;
				PRODUCT_NAME = "$(TARGET_NAME)";
				SWIFT_VERSION = 5.0;
				TARGETED_DEVICE_FAMILY = "1,2";
				TEST_HOST = "$(BUILT_PRODUCTS_DIR)/artemis.app/artemis";
			};
			name = Release;
		};
		22613D282453ED390081B961 /* Debug */ = {
			isa = XCBuildConfiguration;
			buildSettings = {
				ALWAYS_EMBED_SWIFT_STANDARD_LIBRARIES = YES;
				CODE_SIGN_STYLE = Automatic;
				DEVELOPMENT_TEAM = NW4UWFTE46;
				INFOPLIST_FILE = artemisUITests/Info.plist;
				LD_RUNPATH_SEARCH_PATHS = (
					"$(inherited)",
					"@executable_path/Frameworks",
					"@loader_path/Frameworks",
				);
				PRODUCT_BUNDLE_IDENTIFIER = com.samresendez.artemisUITests;
				PRODUCT_NAME = "$(TARGET_NAME)";
				SWIFT_VERSION = 5.0;
				TARGETED_DEVICE_FAMILY = "1,2";
				TEST_TARGET_NAME = artemis;
			};
			name = Debug;
		};
		22613D292453ED390081B961 /* Release */ = {
			isa = XCBuildConfiguration;
			buildSettings = {
				ALWAYS_EMBED_SWIFT_STANDARD_LIBRARIES = YES;
				CODE_SIGN_STYLE = Automatic;
				DEVELOPMENT_TEAM = NW4UWFTE46;
				INFOPLIST_FILE = artemisUITests/Info.plist;
				LD_RUNPATH_SEARCH_PATHS = (
					"$(inherited)",
					"@executable_path/Frameworks",
					"@loader_path/Frameworks",
				);
				PRODUCT_BUNDLE_IDENTIFIER = com.samresendez.artemisUITests;
				PRODUCT_NAME = "$(TARGET_NAME)";
				SWIFT_VERSION = 5.0;
				TARGETED_DEVICE_FAMILY = "1,2";
				TEST_TARGET_NAME = artemis;
			};
			name = Release;
		};
/* End XCBuildConfiguration section */

/* Begin XCConfigurationList section */
		22613CF22453ED360081B961 /* Build configuration list for PBXProject "artemis" */ = {
			isa = XCConfigurationList;
			buildConfigurations = (
				22613D1F2453ED390081B961 /* Debug */,
				22613D202453ED390081B961 /* Release */,
			);
			defaultConfigurationIsVisible = 0;
			defaultConfigurationName = Release;
		};
		22613D212453ED390081B961 /* Build configuration list for PBXNativeTarget "artemis" */ = {
			isa = XCConfigurationList;
			buildConfigurations = (
				22613D222453ED390081B961 /* Debug */,
				22613D232453ED390081B961 /* Release */,
			);
			defaultConfigurationIsVisible = 0;
			defaultConfigurationName = Release;
		};
		22613D242453ED390081B961 /* Build configuration list for PBXNativeTarget "artemisTests" */ = {
			isa = XCConfigurationList;
			buildConfigurations = (
				22613D252453ED390081B961 /* Debug */,
				22613D262453ED390081B961 /* Release */,
			);
			defaultConfigurationIsVisible = 0;
			defaultConfigurationName = Release;
		};
		22613D272453ED390081B961 /* Build configuration list for PBXNativeTarget "artemisUITests" */ = {
			isa = XCConfigurationList;
			buildConfigurations = (
				22613D282453ED390081B961 /* Debug */,
				22613D292453ED390081B961 /* Release */,
			);
			defaultConfigurationIsVisible = 0;
			defaultConfigurationName = Release;
		};
/* End XCConfigurationList section */
	};
	rootObject = 22613CEF2453ED360081B961 /* Project object */;
}
